
Microsoft Visual Studio Solution File, Format Version 12.00
# Visual Studio Version 16
VisualStudioVersion = 16.0.29418.71
MinimumVisualStudioVersion = 10.0.40219.1
Project("{FAE04EC0-301F-11D3-BF4B-00C04F79EFBC}") = "WebApplication2", "WebApplication2\WebApplication2.csproj", "{9C2788D8-21CC-4998-B669-765FE0A6853D}"
EndProject
Global
	GlobalSection(SolutionConfigurationPlatforms) = preSolution
		Debug|Any CPU = Debug|Any CPU
		Release|Any CPU = Release|Any CPU
	EndGlobalSection
	GlobalSection(ProjectConfigurationPlatforms) = postSolution
		{9C2788D8-21CC-4998-B669-765FE0A6853D}.Debug|Any CPU.ActiveCfg = Debug|Any CPU
		{9C2788D8-21CC-4998-B669-765FE0A6853D}.Debug|Any CPU.Build.0 = Debug|Any CPU
		{9C2788D8-21CC-4998-B669-765FE0A6853D}.Release|Any CPU.ActiveCfg = Release|Any CPU
		{9C2788D8-21CC-4998-B669-765FE0A6853D}.Release|Any CPU.Build.0 = Release|Any CPU
	EndGlobalSection
	GlobalSection(SolutionProperties) = preSolution
		HideSolutionNode = FALSE
	EndGlobalSection
	GlobalSection(ExtensibilityGlobals) = postSolution
		SolutionGuid = {0273C413-D0EA-4379-81E5-A547E73EAAE0}
	EndGlobalSection
EndGlobal
